{
  "requires": true,
  "lockfileVersion": 1,
  "dependencies": {
    "first-person-controls": {
      "version": "1.0.1",
      "resolved": "https://registry.npmjs.org/first-person-controls/-/first-person-controls-1.0.1.tgz",
      "integrity": "sha512-1ys8+7pd+xPPJVe8NqNIZ/TRsVQT+gytJgHb8S/CZFr8oobJNjV2bktyddxwq9JIh9JxbzZEei8XnjSdzWCZvg=="
    },
    "three-first-person-controls": {
      "version": "0.2.1",
      "resolved": "https://registry.npmjs.org/three-first-person-controls/-/three-first-person-controls-0.2.1.tgz",
      "integrity": "sha1-/3k7nJMO5JxTCN7em3UT+Ua3wIw="
    }
  }
}
